
Microsoft Visual Studio Solution File, Format Version 12.00
Project("{FAE04EC0-301F-11D3-BF4B-00C04F79EFBC}") = "Server", "Server\Server.csproj", "{C04B442D-3E1B-47CF-A1B9-6B45FDA8DCD2}"
EndProject
Project("{FAE04EC0-301F-11D3-BF4B-00C04F79EFBC}") = "Client", "Client\Client.csproj", "{DE956A72-60F6-4005-8B65-EB216F3597B0}"
EndProject
Global
	GlobalSection(SolutionConfigurationPlatforms) = preSolution
		Debug|Any CPU = Debug|Any CPU
		Release|Any CPU = Release|Any CPU
	EndGlobalSection
	GlobalSection(ProjectConfigurationPlatforms) = postSolution
		{C04B442D-3E1B-47CF-A1B9-6B45FDA8DCD2}.Debug|Any CPU.ActiveCfg = Debug|Any CPU
		{C04B442D-3E1B-47CF-A1B9-6B45FDA8DCD2}.Debug|Any CPU.Build.0 = Debug|Any CPU
		{C04B442D-3E1B-47CF-A1B9-6B45FDA8DCD2}.Release|Any CPU.ActiveCfg = Release|Any CPU
		{C04B442D-3E1B-47CF-A1B9-6B45FDA8DCD2}.Release|Any CPU.Build.0 = Release|Any CPU
		{DE956A72-60F6-4005-8B65-EB216F3597B0}.Debug|Any CPU.ActiveCfg = Debug|Any CPU
		{DE956A72-60F6-4005-8B65-EB216F3597B0}.Debug|Any CPU.Build.0 = Debug|Any CPU
		{DE956A72-60F6-4005-8B65-EB216F3597B0}.Release|Any CPU.ActiveCfg = Release|Any CPU
		{DE956A72-60F6-4005-8B65-EB216F3597B0}.Release|Any CPU.Build.0 = Release|Any CPU
	EndGlobalSection
EndGlobal
